
Microsoft Visual Studio Solution File, Format Version 12.00
# Visual Studio Version 16
VisualStudioVersion = 16.0.29326.143
MinimumVisualStudioVersion = 10.0.40219.1
Project("{778DAE3C-4631-46EA-AA77-85C1314464D9}") = "Linq查询痒痒熊数据模型", "本体\痒痒熊数据模型\Linq查询痒痒熊数据模型.vbproj", "{866B3A8F-DB93-49DB-9697-BD2706B9F3FA}"
EndProject
Project("{778DAE3C-4631-46EA-AA77-85C1314464D9}") = "实用工具", "本体\实用工具\实用工具.vbproj", "{CA284E31-0CD7-42B3-9EC4-71F11187AF36}"
EndProject
Project("{2150E333-8FDC-42A3-9474-1A3956D46DE8}") = "本体", "本体", "{D501821E-6998-4815-950A-AA28D802EBD8}"
EndProject
Project("{2150E333-8FDC-42A3-9474-1A3956D46DE8}") = "演示", "演示", "{14FCBCF3-C8F1-4F33-B550-9654E3721F9C}"
EndProject
Project("{2150E333-8FDC-42A3-9474-1A3956D46DE8}") = "测试", "测试", "{89A8B0D3-C191-48BF-8E0E-1D3E90F68393}"
EndProject
Project("{778DAE3C-4631-46EA-AA77-85C1314464D9}") = "自动测试", "自动测试\自动测试.vbproj", "{47D89C41-0CCA-4B81-9463-0E7D8184C34D}"
EndProject
Project("{2150E333-8FDC-42A3-9474-1A3956D46DE8}") = "文档", "文档", "{9F55960D-5421-44CF-9223-272C45BE2862}"
	ProjectSection(SolutionItems) = preProject
		README.md = README.md
	EndProjectSection
EndProject
Project("{2150E333-8FDC-42A3-9474-1A3956D46DE8}") = "试用七老爷御魂方案", "试用七老爷御魂方案", "{82BEADEB-93F2-455D-AD53-585E17F3C13A}"
EndProject
Project("{778DAE3C-4631-46EA-AA77-85C1314464D9}") = "测试控制台程序", "演示\七老爷御魂方案\测试控制台程序\测试控制台程序.vbproj", "{448CC192-4EA1-4728-BB66-5BDF6E4267C4}"
EndProject
Project("{9A19103F-16F7-4668-BE54-9A1E7A4F7556}") = "测试网站", "演示\七老爷御魂方案\测试网站\测试网站.csproj", "{0EE97FCF-6D32-4C82-96BD-EB9CD9FBCDB6}"
EndProject
Project("{778DAE3C-4631-46EA-AA77-85C1314464D9}") = "演示WPF程序", "演示\七老爷御魂方案\演示WPF程序\演示WPF程序.vbproj", "{229182BC-D492-47B1-9429-F6FCCABA4E78}"
EndProject
Project("{2150E333-8FDC-42A3-9474-1A3956D46DE8}") = "整理方案录制宏", "整理方案录制宏", "{604FD27A-51AE-4FDF-B7AE-4760CADDAA22}"
EndProject
Project("{778DAE3C-4631-46EA-AA77-85C1314464D9}") = "御魂方案录制宏桌面版", "演示\御魂方案录制宏\御魂方案录制宏桌面版\御魂方案录制宏桌面版.vbproj", "{DD923810-215C-402E-8766-3A5971C5BE8E}"
EndProject
Project("{778DAE3C-4631-46EA-AA77-85C1314464D9}") = "脚本化", "本体\脚本化\脚本化.vbproj", "{BFA90EF9-623C-4D9F-B650-4A7075EFECBF}"
EndProject
Project("{F184B08F-C81C-45F6-A57F-5ABD9991F28F}") = "录制宏诊断模式", "演示\御魂方案录制宏\录制宏诊断模式\录制宏诊断模式.vbproj", "{F8161EB5-9870-4FAE-80BF-C3659F90F913}"
EndProject
Project("{778DAE3C-4631-46EA-AA77-85C1314464D9}") = "御魂方案示例核心", "演示\七老爷御魂方案\御魂方案示例核心\御魂方案示例核心.vbproj", "{EDEE6D20-2A69-49DF-B6DA-EBCA854EB9EA}"
EndProject
Project("{2150E333-8FDC-42A3-9474-1A3956D46DE8}") = "Solution Items", "Solution Items", "{E2A180D9-5E84-43F2-ABE7-7DF5996B3DD5}"
	ProjectSection(SolutionItems) = preProject
		.editorconfig = .editorconfig
	EndProjectSection
EndProject
Global
	GlobalSection(SolutionConfigurationPlatforms) = preSolution
		Debug|Any CPU = Debug|Any CPU
		Release|Any CPU = Release|Any CPU
	EndGlobalSection
	GlobalSection(ProjectConfigurationPlatforms) = postSolution
		{866B3A8F-DB93-49DB-9697-BD2706B9F3FA}.Debug|Any CPU.ActiveCfg = Debug|Any CPU
		{866B3A8F-DB93-49DB-9697-BD2706B9F3FA}.Debug|Any CPU.Build.0 = Debug|Any CPU
		{866B3A8F-DB93-49DB-9697-BD2706B9F3FA}.Release|Any CPU.ActiveCfg = Release|Any CPU
		{866B3A8F-DB93-49DB-9697-BD2706B9F3FA}.Release|Any CPU.Build.0 = Release|Any CPU
		{CA284E31-0CD7-42B3-9EC4-71F11187AF36}.Debug|Any CPU.ActiveCfg = Debug|Any CPU
		{CA284E31-0CD7-42B3-9EC4-71F11187AF36}.Debug|Any CPU.Build.0 = Debug|Any CPU
		{CA284E31-0CD7-42B3-9EC4-71F11187AF36}.Release|Any CPU.ActiveCfg = Release|Any CPU
		{CA284E31-0CD7-42B3-9EC4-71F11187AF36}.Release|Any CPU.Build.0 = Release|Any CPU
		{47D89C41-0CCA-4B81-9463-0E7D8184C34D}.Debug|Any CPU.ActiveCfg = Debug|Any CPU
		{47D89C41-0CCA-4B81-9463-0E7D8184C34D}.Debug|Any CPU.Build.0 = Debug|Any CPU
		{47D89C41-0CCA-4B81-9463-0E7D8184C34D}.Release|Any CPU.ActiveCfg = Release|Any CPU
		{47D89C41-0CCA-4B81-9463-0E7D8184C34D}.Release|Any CPU.Build.0 = Release|Any CPU
		{448CC192-4EA1-4728-BB66-5BDF6E4267C4}.Debug|Any CPU.ActiveCfg = Debug|Any CPU
		{448CC192-4EA1-4728-BB66-5BDF6E4267C4}.Debug|Any CPU.Build.0 = Debug|Any CPU
		{448CC192-4EA1-4728-BB66-5BDF6E4267C4}.Release|Any CPU.ActiveCfg = Release|Any CPU
		{448CC192-4EA1-4728-BB66-5BDF6E4267C4}.Release|Any CPU.Build.0 = Release|Any CPU
		{0EE97FCF-6D32-4C82-96BD-EB9CD9FBCDB6}.Debug|Any CPU.ActiveCfg = Debug|Any CPU
		{0EE97FCF-6D32-4C82-96BD-EB9CD9FBCDB6}.Debug|Any CPU.Build.0 = Debug|Any CPU
		{0EE97FCF-6D32-4C82-96BD-EB9CD9FBCDB6}.Release|Any CPU.ActiveCfg = Release|Any CPU
		{0EE97FCF-6D32-4C82-96BD-EB9CD9FBCDB6}.Release|Any CPU.Build.0 = Release|Any CPU
		{229182BC-D492-47B1-9429-F6FCCABA4E78}.Debug|Any CPU.ActiveCfg = Debug|Any CPU
		{229182BC-D492-47B1-9429-F6FCCABA4E78}.Debug|Any CPU.Build.0 = Debug|Any CPU
		{229182BC-D492-47B1-9429-F6FCCABA4E78}.Release|Any CPU.ActiveCfg = Release|Any CPU
		{229182BC-D492-47B1-9429-F6FCCABA4E78}.Release|Any CPU.Build.0 = Release|Any CPU
		{DD923810-215C-402E-8766-3A5971C5BE8E}.Debug|Any CPU.ActiveCfg = Debug|Any CPU
		{DD923810-215C-402E-8766-3A5971C5BE8E}.Debug|Any CPU.Build.0 = Debug|Any CPU
		{DD923810-215C-402E-8766-3A5971C5BE8E}.Release|Any CPU.ActiveCfg = Release|Any CPU
		{DD923810-215C-402E-8766-3A5971C5BE8E}.Release|Any CPU.Build.0 = Release|Any CPU
		{BFA90EF9-623C-4D9F-B650-4A7075EFECBF}.Debug|Any CPU.ActiveCfg = Debug|Any CPU
		{BFA90EF9-623C-4D9F-B650-4A7075EFECBF}.Debug|Any CPU.Build.0 = Debug|Any CPU
		{BFA90EF9-623C-4D9F-B650-4A7075EFECBF}.Release|Any CPU.ActiveCfg = Release|Any CPU
		{BFA90EF9-623C-4D9F-B650-4A7075EFECBF}.Release|Any CPU.Build.0 = Release|Any CPU
		{F8161EB5-9870-4FAE-80BF-C3659F90F913}.Debug|Any CPU.ActiveCfg = Debug|Any CPU
		{F8161EB5-9870-4FAE-80BF-C3659F90F913}.Debug|Any CPU.Build.0 = Debug|Any CPU
		{F8161EB5-9870-4FAE-80BF-C3659F90F913}.Release|Any CPU.ActiveCfg = Release|Any CPU
		{F8161EB5-9870-4FAE-80BF-C3659F90F913}.Release|Any CPU.Build.0 = Release|Any CPU
		{EDEE6D20-2A69-49DF-B6DA-EBCA854EB9EA}.Debug|Any CPU.ActiveCfg = Debug|Any CPU
		{EDEE6D20-2A69-49DF-B6DA-EBCA854EB9EA}.Debug|Any CPU.Build.0 = Debug|Any CPU
		{EDEE6D20-2A69-49DF-B6DA-EBCA854EB9EA}.Release|Any CPU.ActiveCfg = Release|Any CPU
		{EDEE6D20-2A69-49DF-B6DA-EBCA854EB9EA}.Release|Any CPU.Build.0 = Release|Any CPU
	EndGlobalSection
	GlobalSection(SolutionProperties) = preSolution
		HideSolutionNode = FALSE
	EndGlobalSection
	GlobalSection(NestedProjects) = preSolution
		{866B3A8F-DB93-49DB-9697-BD2706B9F3FA} = {D501821E-6998-4815-950A-AA28D802EBD8}
		{CA284E31-0CD7-42B3-9EC4-71F11187AF36} = {D501821E-6998-4815-950A-AA28D802EBD8}
		{47D89C41-0CCA-4B81-9463-0E7D8184C34D} = {89A8B0D3-C191-48BF-8E0E-1D3E90F68393}
		{82BEADEB-93F2-455D-AD53-585E17F3C13A} = {14FCBCF3-C8F1-4F33-B550-9654E3721F9C}
		{448CC192-4EA1-4728-BB66-5BDF6E4267C4} = {82BEADEB-93F2-455D-AD53-585E17F3C13A}
		{0EE97FCF-6D32-4C82-96BD-EB9CD9FBCDB6} = {82BEADEB-93F2-455D-AD53-585E17F3C13A}
		{229182BC-D492-47B1-9429-F6FCCABA4E78} = {82BEADEB-93F2-455D-AD53-585E17F3C13A}
		{604FD27A-51AE-4FDF-B7AE-4760CADDAA22} = {14FCBCF3-C8F1-4F33-B550-9654E3721F9C}
		{DD923810-215C-402E-8766-3A5971C5BE8E} = {604FD27A-51AE-4FDF-B7AE-4760CADDAA22}
		{BFA90EF9-623C-4D9F-B650-4A7075EFECBF} = {D501821E-6998-4815-950A-AA28D802EBD8}
		{F8161EB5-9870-4FAE-80BF-C3659F90F913} = {604FD27A-51AE-4FDF-B7AE-4760CADDAA22}
		{EDEE6D20-2A69-49DF-B6DA-EBCA854EB9EA} = {82BEADEB-93F2-455D-AD53-585E17F3C13A}
	EndGlobalSection
	GlobalSection(ExtensibilityGlobals) = postSolution
		SolutionGuid = {EDA8255D-770A-4AA0-B31A-77888412B9C9}
	EndGlobalSection
EndGlobal
